
Microsoft Visual Studio Solution File, Format Version 12.00
# Visual Studio Version 16
VisualStudioVersion = 16.0.29403.142
MinimumVisualStudioVersion = 10.0.40219.1
Project("{FAE04EC0-301F-11D3-BF4B-00C04F79EFBC}") = "test-case-generator", "test-case-generator.csproj", "{257CACD0-F4A2-4AB6-A2BB-5BDBA2F35E4D}"
EndProject
Global
	GlobalSection(SolutionConfigurationPlatforms) = preSolution
		Debug|ARM = Debug|ARM
		Debug|ARM64 = Debug|ARM64
		Debug|x64 = Debug|x64
		Debug|x86 = Debug|x86
		Release|ARM = Release|ARM
		Release|ARM64 = Release|ARM64
		Release|x64 = Release|x64
		Release|x86 = Release|x86
	EndGlobalSection
	GlobalSection(ProjectConfigurationPlatforms) = postSolution
		{257CACD0-F4A2-4AB6-A2BB-5BDBA2F35E4D}.Debug|ARM.ActiveCfg = Debug|ARM
		{257CACD0-F4A2-4AB6-A2BB-5BDBA2F35E4D}.Debug|ARM.Build.0 = Debug|ARM
		{257CACD0-F4A2-4AB6-A2BB-5BDBA2F35E4D}.Debug|ARM.Deploy.0 = Debug|ARM
		{257CACD0-F4A2-4AB6-A2BB-5BDBA2F35E4D}.Debug|ARM64.ActiveCfg = Debug|ARM64
		{257CACD0-F4A2-4AB6-A2BB-5BDBA2F35E4D}.Debug|ARM64.Build.0 = Debug|ARM64
		{257CACD0-F4A2-4AB6-A2BB-5BDBA2F35E4D}.Debug|ARM64.Deploy.0 = Debug|ARM64
		{257CACD0-F4A2-4AB6-A2BB-5BDBA2F35E4D}.Debug|x64.ActiveCfg = Debug|x64
		{257CACD0-F4A2-4AB6-A2BB-5BDBA2F35E4D}.Debug|x64.Build.0 = Debug|x64
		{257CACD0-F4A2-4AB6-A2BB-5BDBA2F35E4D}.Debug|x64.Deploy.0 = Debug|x64
		{257CACD0-F4A2-4AB6-A2BB-5BDBA2F35E4D}.Debug|x86.ActiveCfg = Debug|x86
		{257CACD0-F4A2-4AB6-A2BB-5BDBA2F35E4D}.Debug|x86.Build.0 = Debug|x86
		{257CACD0-F4A2-4AB6-A2BB-5BDBA2F35E4D}.Debug|x86.Deploy.0 = Debug|x86
		{257CACD0-F4A2-4AB6-A2BB-5BDBA2F35E4D}.Release|ARM.ActiveCfg = Release|ARM
		{257CACD0-F4A2-4AB6-A2BB-5BDBA2F35E4D}.Release|ARM.Build.0 = Release|ARM
		{257CACD0-F4A2-4AB6-A2BB-5BDBA2F35E4D}.Release|ARM.Deploy.0 = Release|ARM
		{257CACD0-F4A2-4AB6-A2BB-5BDBA2F35E4D}.Release|ARM64.ActiveCfg = Release|ARM64
		{257CACD0-F4A2-4AB6-A2BB-5BDBA2F35E4D}.Release|ARM64.Build.0 = Release|ARM64
		{257CACD0-F4A2-4AB6-A2BB-5BDBA2F35E4D}.Release|ARM64.Deploy.0 = Release|ARM64
		{257CACD0-F4A2-4AB6-A2BB-5BDBA2F35E4D}.Release|x64.ActiveCfg = Release|x64
		{257CACD0-F4A2-4AB6-A2BB-5BDBA2F35E4D}.Release|x64.Build.0 = Release|x64
		{257CACD0-F4A2-4AB6-A2BB-5BDBA2F35E4D}.Release|x64.Deploy.0 = Release|x64
		{257CACD0-F4A2-4AB6-A2BB-5BDBA2F35E4D}.Release|x86.ActiveCfg = Release|x86
		{257CACD0-F4A2-4AB6-A2BB-5BDBA2F35E4D}.Release|x86.Build.0 = Release|x86
		{257CACD0-F4A2-4AB6-A2BB-5BDBA2F35E4D}.Release|x86.Deploy.0 = Release|x86
	EndGlobalSection
	GlobalSection(SolutionProperties) = preSolution
		HideSolutionNode = FALSE
	EndGlobalSection
	GlobalSection(ExtensibilityGlobals) = postSolution
		SolutionGuid = {A3C50260-374E-47A4-8B2C-D2038075EB59}
	EndGlobalSection
EndGlobal
